
Microsoft Visual Studio Solution File, Format Version 12.00
# Visual Studio Version 16
VisualStudioVersion = 16.0.31729.503
MinimumVisualStudioVersion = 10.0.40219.1
Project("{FAE04EC0-301F-11D3-BF4B-00C04F79EFBC}") = "TcpServer", "net task 2\TcpServer.csproj", "{ED4D2109-7DE5-42B5-9B04-18D2621CD1A7}"
EndProject
Project("{FAE04EC0-301F-11D3-BF4B-00C04F79EFBC}") = "TcpClientt", "TcpClientt\TcpClientt.csproj", "{707CAB8B-4EF1-42B4-B185-D4DAC6ECC34C}"
EndProject
Global
	GlobalSection(SolutionConfigurationPlatforms) = preSolution
		Debug|Any CPU = Debug|Any CPU
		Release|Any CPU = Release|Any CPU
	EndGlobalSection
	GlobalSection(ProjectConfigurationPlatforms) = postSolution
		{ED4D2109-7DE5-42B5-9B04-18D2621CD1A7}.Debug|Any CPU.ActiveCfg = Debug|Any CPU
		{ED4D2109-7DE5-42B5-9B04-18D2621CD1A7}.Debug|Any CPU.Build.0 = Debug|Any CPU
		{ED4D2109-7DE5-42B5-9B04-18D2621CD1A7}.Release|Any CPU.ActiveCfg = Release|Any CPU
		{ED4D2109-7DE5-42B5-9B04-18D2621CD1A7}.Release|Any CPU.Build.0 = Release|Any CPU
		{707CAB8B-4EF1-42B4-B185-D4DAC6ECC34C}.Debug|Any CPU.ActiveCfg = Debug|Any CPU
		{707CAB8B-4EF1-42B4-B185-D4DAC6ECC34C}.Debug|Any CPU.Build.0 = Debug|Any CPU
		{707CAB8B-4EF1-42B4-B185-D4DAC6ECC34C}.Release|Any CPU.ActiveCfg = Release|Any CPU
		{707CAB8B-4EF1-42B4-B185-D4DAC6ECC34C}.Release|Any CPU.Build.0 = Release|Any CPU
	EndGlobalSection
	GlobalSection(SolutionProperties) = preSolution
		HideSolutionNode = FALSE
	EndGlobalSection
	GlobalSection(ExtensibilityGlobals) = postSolution
		SolutionGuid = {5CF3B724-4FE3-4114-A193-CB0D2C96A0A9}
	EndGlobalSection
EndGlobal
